
Microsoft Visual Studio Solution File, Format Version 12.00
# Visual Studio Version 16
VisualStudioVersion = 16.0.32106.194
MinimumVisualStudioVersion = 10.0.40219.1
Project("{FAE04EC0-301F-11D3-BF4B-00C04F79EFBC}") = "LE NGUYEN TIEN.OL.03.T", "LE NGUYEN TIEN.OL.03.T.csproj", "{D58D2103-9ABE-41EC-8B34-75CE7CC5C00E}"
EndProject
Global
	GlobalSection(SolutionConfigurationPlatforms) = preSolution
		Debug|Any CPU = Debug|Any CPU
		Release|Any CPU = Release|Any CPU
	EndGlobalSection
	GlobalSection(ProjectConfigurationPlatforms) = postSolution
		{D58D2103-9ABE-41EC-8B34-75CE7CC5C00E}.Debug|Any CPU.ActiveCfg = Debug|Any CPU
		{D58D2103-9ABE-41EC-8B34-75CE7CC5C00E}.Debug|Any CPU.Build.0 = Debug|Any CPU
		{D58D2103-9ABE-41EC-8B34-75CE7CC5C00E}.Release|Any CPU.ActiveCfg = Release|Any CPU
		{D58D2103-9ABE-41EC-8B34-75CE7CC5C00E}.Release|Any CPU.Build.0 = Release|Any CPU
	EndGlobalSection
	GlobalSection(SolutionProperties) = preSolution
		HideSolutionNode = FALSE
	EndGlobalSection
	GlobalSection(ExtensibilityGlobals) = postSolution
		SolutionGuid = {432A4144-7397-4227-B730-2713F73EC347}
	EndGlobalSection
EndGlobal
